
Microsoft Visual Studio Solution File, Format Version 12.00
# Visual Studio Version 17
VisualStudioVersion = 17.11.35327.3
MinimumVisualStudioVersion = 10.0.40219.1
Project("{FAE04EC0-301F-11D3-BF4B-00C04F79EFBC}") = "Group9_iCareApp", "Group9_iCareApp\Group9_iCareApp.csproj", "{18C8DA71-AB03-4046-BC7C-0ED067EDAAF6}"
EndProject
Global
	GlobalSection(SolutionConfigurationPlatforms) = preSolution
		Debug|Any CPU = Debug|Any CPU
		Release|Any CPU = Release|Any CPU
	EndGlobalSection
	GlobalSection(ProjectConfigurationPlatforms) = postSolution
		{18C8DA71-AB03-4046-BC7C-0ED067EDAAF6}.Debug|Any CPU.ActiveCfg = Debug|Any CPU
		{18C8DA71-AB03-4046-BC7C-0ED067EDAAF6}.Debug|Any CPU.Build.0 = Debug|Any CPU
		{18C8DA71-AB03-4046-BC7C-0ED067EDAAF6}.Release|Any CPU.ActiveCfg = Release|Any CPU
		{18C8DA71-AB03-4046-BC7C-0ED067EDAAF6}.Release|Any CPU.Build.0 = Release|Any CPU
	EndGlobalSection
	GlobalSection(SolutionProperties) = preSolution
		HideSolutionNode = FALSE
	EndGlobalSection
	GlobalSection(ExtensibilityGlobals) = postSolution
		SolutionGuid = {283BA5D9-5B28-4FD7-90BF-5DE88F2839DF}
	EndGlobalSection
EndGlobal
